// !$*UTF8*$!
{
	archiveVersion = 1;
	classes = {
	};
	objectVersion = 56;
	objects = {

/* Begin PBXBuildFile section */
		8C7FF9E42A2F6C20009E8834 /* Utsav_cardApp.swift in Sources */ = {isa = PBXBuildFile; fileRef = 8C7FF9E32A2F6C20009E8834 /* Utsav_cardApp.swift */; };
		8C7FF9E62A2F6C20009E8834 /* ContentView.swift in Sources */ = {isa = PBXBuildFile; fileRef = 8C7FF9E52A2F6C20009E8834 /* ContentView.swift */; };
		8C7FF9E82A2F6C23009E8834 /* Assets.xcassets in Resources */ = {isa = PBXBuildFile; fileRef = 8C7FF9E72A2F6C23009E8834 /* Assets.xcassets */; };
		8C7FF9EB2A2F6C23009E8834 /* Preview Assets.xcassets in Resources */ = {isa = PBXBuildFile; fileRef = 8C7FF9EA2A2F6C23009E8834 /* Preview Assets.xcassets */; };
		8C7FF9F52A2F6C23009E8834 /* Utsav_cardTests.swift in Sources */ = {isa = PBXBuildFile; fileRef = 8C7FF9F42A2F6C23009E8834 /* Utsav_cardTests.swift */; };
		8C7FF9FF2A2F6C23009E8834 /* Utsav_cardUITests.swift in Sources */ = {isa = PBXBuildFile; fileRef = 8C7FF9FE2A2F6C23009E8834 /* Utsav_cardUITests.swift */; };
		8C7FFA012A2F6C23009E8834 /* Utsav_cardUITestsLaunchTests.swift in Sources */ = {isa = PBXBuildFile; fileRef = 8C7FFA002A2F6C23009E8834 /* Utsav_cardUITestsLaunchTests.swift */; };
/* End PBXBuildFile section */

/* Begin PBXContainerItemProxy section */
		8C7FF9F12A2F6C23009E8834 /* PBXContainerItemProxy */ = {
			isa = PBXContainerItemProxy;
			containerPortal = 8C7FF9D82A2F6C20009E8834 /* Project object */;
			proxyType = 1;
			remoteGlobalIDString = 8C7FF9DF2A2F6C20009E8834;
			remoteInfo = "Utsav card";
		};
		8C7FF9FB2A2F6C23009E8834 /* PBXContainerItemProxy */ = {
			isa = PBXContainerItemProxy;
			containerPortal = 8C7FF9D82A2F6C20009E8834 /* Project object */;
			proxyType = 1;
			remoteGlobalIDString = 8C7FF9DF2A2F6C20009E8834;
			remoteInfo = "Utsav card";
		};
/* End PBXContainerItemProxy section */

/* Begin PBXFileReference section */
		8C7FF9E02A2F6C20009E8834 /* Utsav card.app */ = {isa = PBXFileReference; explicitFileType = wrapper.application; includeInIndex = 0; path = "Utsav card.app"; sourceTree = BUILT_PRODUCTS_DIR; };
		8C7FF9E32A2F6C20009E8834 /* Utsav_cardApp.swift */ = {isa = PBXFileReference; lastKnownFileType = sourcecode.swift; path = Utsav_cardApp.swift; sourceTree = "<group>"; };
		8C7FF9E52A2F6C20009E8834 /* ContentView.swift */ = {isa = PBXFileReference; lastKnownFileType = sourcecode.swift; path = ContentView.swift; sourceTree = "<group>"; };
		8C7FF9E72A2F6C23009E8834 /* Assets.xcassets */ = {isa = PBXFileReference; lastKnownFileType = folder.assetcatalog; path = Assets.xcassets; sourceTree = "<group>"; };
		8C7FF9EA2A2F6C23009E8834 /* Preview Assets.xcassets */ = {isa = PBXFileReference; lastKnownFileType = folder.assetcatalog; path = "Preview Assets.xcassets"; sourceTree = "<group>"; };
		8C7FF9F02A2F6C23009E8834 /* Utsav cardTests.xctest */ = {isa = PBXFileReference; explicitFileType = wrapper.cfbundle; includeInIndex = 0; path = "Utsav cardTests.xctest"; sourceTree = BUILT_PRODUCTS_DIR; };
		8C7FF9F42A2F6C23009E8834 /* Utsav_cardTests.swift */ = {isa = PBXFileReference; lastKnownFileType = sourcecode.swift; path = Utsav_cardTests.swift; sourceTree = "<group>"; };
		8C7FF9FA2A2F6C23009E8834 /* Utsav cardUITests.xctest */ = {isa = PBXFileReference; explicitFileType = wrapper.cfbundle; includeInIndex = 0; path = "Utsav cardUITests.xctest"; sourceTree = BUILT_PRODUCTS_DIR; };
		8C7FF9FE2A2F6C23009E8834 /* Utsav_cardUITests.swift */ = {isa = PBXFileReference; lastKnownFileType = sourcecode.swift; path = Utsav_cardUITests.swift; sourceTree = "<group>"; };
		8C7FFA002A2F6C23009E8834 /* Utsav_cardUITestsLaunchTests.swift */ = {isa = PBXFileReference; lastKnownFileType = sourcecode.swift; path = Utsav_cardUITestsLaunchTests.swift; sourceTree = "<group>"; };
/* End PBXFileReference section */

/* Begin PBXFrameworksBuildPhase section */
		8C7FF9DD2A2F6C20009E8834 /* Frameworks */ = {
			isa = PBXFrameworksBuildPhase;
			buildActionMask = 2147483647;
			files = (
			);
			runOnlyForDeploymentPostprocessing = 0;
		};
		8C7FF9ED2A2F6C23009E8834 /* Frameworks */ = {
			isa = PBXFrameworksBuildPhase;
			buildActionMask = 2147483647;
			files = (
			);
			runOnlyForDeploymentPostprocessing = 0;
		};
		8C7FF9F72A2F6C23009E8834 /* Frameworks */ = {
			isa = PBXFrameworksBuildPhase;
			buildActionMask = 2147483647;
			files = (
			);
			runOnlyForDeploymentPostprocessing = 0;
		};
/* End PBXFrameworksBuildPhase section */

/* Begin PBXGroup section */
		8C7FF9D72A2F6C20009E8834 = {
			isa = PBXGroup;
			children = (
				8C7FF9E22A2F6C20009E8834 /* Utsav card */,
				8C7FF9F32A2F6C23009E8834 /* Utsav cardTests */,
				8C7FF9FD2A2F6C23009E8834 /* Utsav cardUITests */,
				8C7FF9E12A2F6C20009E8834 /* Products */,
			);
			sourceTree = "<group>";
		};
		8C7FF9E12A2F6C20009E8834 /* Products */ = {
			isa = PBXGroup;
			children = (
				8C7FF9E02A2F6C20009E8834 /* Utsav card.app */,
				8C7FF9F02A2F6C23009E8834 /* Utsav cardTests.xctest */,
				8C7FF9FA2A2F6C23009E8834 /* Utsav cardUITests.xctest */,
			);
			name = Products;
			sourceTree = "<group>";
		};
		8C7FF9E22A2F6C20009E8834 /* Utsav card */ = {
			isa = PBXGroup;
			children = (
				8C7FF9E32A2F6C20009E8834 /* Utsav_cardApp.swift */,
				8C7FF9E52A2F6C20009E8834 /* ContentView.swift */,
				8C7FF9E72A2F6C23009E8834 /* Assets.xcassets */,
				8C7FF9E92A2F6C23009E8834 /* Preview Content */,
			);
			path = "Utsav card";
			sourceTree = "<group>";
		};
		8C7FF9E92A2F6C23009E8834 /* Preview Content */ = {
			isa = PBXGroup;
			children = (
				8C7FF9EA2A2F6C23009E8834 /* Preview Assets.xcassets */,
			);
			path = "Preview Content";
			sourceTree = "<group>";
		};
		8C7FF9F32A2F6C23009E8834 /* Utsav cardTests */ = {
			isa = PBXGroup;
			children = (
				8C7FF9F42A2F6C23009E8834 /* Utsav_cardTests.swift */,
			);
			path = "Utsav cardTests";
			sourceTree = "<group>";
		};
		8C7FF9FD2A2F6C23009E8834 /* Utsav cardUITests */ = {
			isa = PBXGroup;
			children = (
				8C7FF9FE2A2F6C23009E8834 /* Utsav_cardUITests.swift */,
				8C7FFA002A2F6C23009E8834 /* Utsav_cardUITestsLaunchTests.swift */,
			);
			path = "Utsav cardUITests";
			sourceTree = "<group>";
		};
/* End PBXGroup section */

/* Begin PBXNativeTarget section */
		8C7FF9DF2A2F6C20009E8834 /* Utsav card */ = {
			isa = PBXNativeTarget;
			buildConfigurationList = 8C7FFA042A2F6C23009E8834 /* Build configuration list for PBXNativeTarget "Utsav card" */;
			buildPhases = (
				8C7FF9DC2A2F6C20009E8834 /* Sources */,
				8C7FF9DD2A2F6C20009E8834 /* Frameworks */,
				8C7FF9DE2A2F6C20009E8834 /* Resources */,
			);
			buildRules = (
			);
			dependencies = (
			);
			name = "Utsav card";
			productName = "Utsav card";
			productReference = 8C7FF9E02A2F6C20009E8834 /* Utsav card.app */;
			productType = "com.apple.product-type.application";
		};
		8C7FF9EF2A2F6C23009E8834 /* Utsav cardTests */ = {
			isa = PBXNativeTarget;
			buildConfigurationList = 8C7FFA072A2F6C23009E8834 /* Build configuration list for PBXNativeTarget "Utsav cardTests" */;
			buildPhases = (
				8C7FF9EC2A2F6C23009E8834 /* Sources */,
				8C7FF9ED2A2F6C23009E8834 /* Frameworks */,
				8C7FF9EE2A2F6C23009E8834 /* Resources */,
			);
			buildRules = (
			);
			dependencies = (
				8C7FF9F22A2F6C23009E8834 /* PBXTargetDependency */,
			);
			name = "Utsav cardTests";
			productName = "Utsav cardTests";
			productReference = 8C7FF9F02A2F6C23009E8834 /* Utsav cardTests.xctest */;
			productType = "com.apple.product-type.bundle.unit-test";
		};
		8C7FF9F92A2F6C23009E8834 /* Utsav cardUITests */ = {
			isa = PBXNativeTarget;
			buildConfigurationList = 8C7FFA0A2A2F6C23009E8834 /* Build configuration list for PBXNativeTarget "Utsav cardUITests" */;
			buildPhases = (
				8C7FF9F62A2F6C23009E8834 /* Sources */,
				8C7FF9F72A2F6C23009E8834 /* Frameworks */,
				8C7FF9F82A2F6C23009E8834 /* Resources */,
			);
			buildRules = (
			);
			dependencies = (
				8C7FF9FC2A2F6C23009E8834 /* PBXTargetDependency */,
			);
			name = "Utsav cardUITests";
			productName = "Utsav cardUITests";
			productReference = 8C7FF9FA2A2F6C23009E8834 /* Utsav cardUITests.xctest */;
			productType = "com.apple.product-type.bundle.ui-testing";
		};
/* End PBXNativeTarget section */

/* Begin PBXProject section */
		8C7FF9D82A2F6C20009E8834 /* Project object */ = {
			isa = PBXProject;
			attributes = {
				BuildIndependentTargetsInParallel = 1;
				LastSwiftUpdateCheck = 1430;
				LastUpgradeCheck = 1430;
				TargetAttributes = {
					8C7FF9DF2A2F6C20009E8834 = {
						CreatedOnToolsVersion = 14.3;
					};
					8C7FF9EF2A2F6C23009E8834 = {
						CreatedOnToolsVersion = 14.3;
						TestTargetID = 8C7FF9DF2A2F6C20009E8834;
					};
					8C7FF9F92A2F6C23009E8834 = {
						CreatedOnToolsVersion = 14.3;
						TestTargetID = 8C7FF9DF2A2F6C20009E8834;
					};
				};
			};
			buildConfigurationList = 8C7FF9DB2A2F6C20009E8834 /* Build configuration list for PBXProject "Utsav card" */;
			compatibilityVersion = "Xcode 14.0";
			developmentRegion = en;
			hasScannedForEncodings = 0;
			knownRegions = (
				en,
				Base,
			);
			mainGroup = 8C7FF9D72A2F6C20009E8834;
			productRefGroup = 8C7FF9E12A2F6C20009E8834 /* Products */;
			projectDirPath = "";
			projectRoot = "";
			targets = (
				8C7FF9DF2A2F6C20009E8834 /* Utsav card */,
				8C7FF9EF2A2F6C23009E8834 /* Utsav cardTests */,
				8C7FF9F92A2F6C23009E8834 /* Utsav cardUITests */,
			);
		};
/* End PBXProject section */

/* Begin PBXResourcesBuildPhase section */
		8C7FF9DE2A2F6C20009E8834 /* Resources */ = {
			isa = PBXResourcesBuildPhase;
			buildActionMask = 2147483647;
			files = (
				8C7FF9EB2A2F6C23009E8834 /* Preview Assets.xcassets in Resources */,
				8C7FF9E82A2F6C23009E8834 /* Assets.xcassets in Resources */,
			);
			runOnlyForDeploymentPostprocessing = 0;
		};
		8C7FF9EE2A2F6C23009E8834 /* Resources */ = {
			isa = PBXResourcesBuildPhase;
			buildActionMask = 2147483647;
			files = (
			);
			runOnlyForDeploymentPostprocessing = 0;
		};
		8C7FF9F82A2F6C23009E8834 /* Resources */ = {
			isa = PBXResourcesBuildPhase;
			buildActionMask = 2147483647;
			files = (
			);
			runOnlyForDeploymentPostprocessing = 0;
		};
/* End PBXResourcesBuildPhase section */

/* Begin PBXSourcesBuildPhase section */
		8C7FF9DC2A2F6C20009E8834 /* Sources */ = {
			isa = PBXSourcesBuildPhase;
			buildActionMask = 2147483647;
			files = (
				8C7FF9E62A2F6C20009E8834 /* ContentView.swift in Sources */,
				8C7FF9E42A2F6C20009E8834 /* Utsav_cardApp.swift in Sources */,
			);
			runOnlyForDeploymentPostprocessing = 0;
		};
		8C7FF9EC2A2F6C23009E8834 /* Sources */ = {
			isa = PBXSourcesBuildPhase;
			buildActionMask = 2147483647;
			files = (
				8C7FF9F52A2F6C23009E8834 /* Utsav_cardTests.swift in Sources */,
			);
			runOnlyForDeploymentPostprocessing = 0;
		};
		8C7FF9F62A2F6C23009E8834 /* Sources */ = {
			isa = PBXSourcesBuildPhase;
			buildActionMask = 2147483647;
			files = (
				8C7FFA012A2F6C23009E8834 /* Utsav_cardUITestsLaunchTests.swift in Sources */,
				8C7FF9FF2A2F6C23009E8834 /* Utsav_cardUITests.swift in Sources */,
			);
			runOnlyForDeploymentPostprocessing = 0;
		};
/* End PBXSourcesBuildPhase section */

/* Begin PBXTargetDependency section */
		8C7FF9F22A2F6C23009E8834 /* PBXTargetDependency */ = {
			isa = PBXTargetDependency;
			target = 8C7FF9DF2A2F6C20009E8834 /* Utsav card */;
			targetProxy = 8C7FF9F12A2F6C23009E8834 /* PBXContainerItemProxy */;
		};
		8C7FF9FC2A2F6C23009E8834 /* PBXTargetDependency */ = {
			isa = PBXTargetDependency;
			target = 8C7FF9DF2A2F6C20009E8834 /* Utsav card */;
			targetProxy = 8C7FF9FB2A2F6C23009E8834 /* PBXContainerItemProxy */;
		};
/* End PBXTargetDependency section */

/* Begin XCBuildConfiguration section */
		8C7FFA022A2F6C23009E8834 /* Debug */ = {
			isa = XCBuildConfiguration;
			buildSettings = {
				ALWAYS_SEARCH_USER_PATHS = NO;
				CLANG_ANALYZER_NONNULL = YES;
				CLANG_ANALYZER_NUMBER_OBJECT_CONVERSION = YES_AGGRESSIVE;
				CLANG_CXX_LANGUAGE_STANDARD = "gnu++20";
				CLANG_ENABLE_MODULES = YES;
				CLANG_ENABLE_OBJC_ARC = YES;
				CLANG_ENABLE_OBJC_WEAK = YES;
				CLANG_WARN_BLOCK_CAPTURE_AUTORELEASING = YES;
				CLANG_WARN_BOOL_CONVERSION = YES;
				CLANG_WARN_COMMA = YES;
				CLANG_WARN_CONSTANT_CONVERSION = YES;
				CLANG_WARN_DEPRECATED_OBJC_IMPLEMENTATIONS = YES;
				CLANG_WARN_DIRECT_OBJC_ISA_USAGE = YES_ERROR;
				CLANG_WARN_DOCUMENTATION_COMMENTS = YES;
				CLANG_WARN_EMPTY_BODY = YES;
				CLANG_WARN_ENUM_CONVERSION = YES;
				CLANG_WARN_INFINITE_RECURSION = YES;
				CLANG_WARN_INT_CONVERSION = YES;
				CLANG_WARN_NON_LITERAL_NULL_CONVERSION = YES;
				CLANG_WARN_OBJC_IMPLICIT_RETAIN_SELF = YES;
				CLANG_WARN_OBJC_LITERAL_CONVERSION = YES;
				CLANG_WARN_OBJC_ROOT_CLASS = YES_ERROR;
				CLANG_WARN_QUOTED_INCLUDE_IN_FRAMEWORK_HEADER = YES;
				CLANG_WARN_RANGE_LOOP_ANALYSIS = YES;
				CLANG_WARN_STRICT_PROTOTYPES = YES;
				CLANG_WARN_SUSPICIOUS_MOVE = YES;
				CLANG_WARN_UNGUARDED_AVAILABILITY = YES_AGGRESSIVE;
				CLANG_WARN_UNREACHABLE_CODE = YES;
				CLANG_WARN__DUPLICATE_METHOD_MATCH = YES;
				COPY_PHASE_STRIP = NO;
				DEBUG_INFORMATION_FORMAT = dwarf;
				ENABLE_STRICT_OBJC_MSGSEND = YES;
				ENABLE_TESTABILITY = YES;
				GCC_C_LANGUAGE_STANDARD = gnu11;
				GCC_DYNAMIC_NO_PIC = NO;
				GCC_NO_COMMON_BLOCKS = YES;
				GCC_OPTIMIZATION_LEVEL = 0;
				GCC_PREPROCESSOR_DEFINITIONS = (
					"DEBUG=1",
					"$(inherited)",
				);
				GCC_WARN_64_TO_32_BIT_CONVERSION = YES;
				GCC_WARN_ABOUT_RETURN_TYPE = YES_ERROR;
				GCC_WARN_UNDECLARED_SELECTOR = YES;
				GCC_WARN_UNINITIALIZED_AUTOS = YES_AGGRESSIVE;
				GCC_WARN_UNUSED_FUNCTION = YES;
				GCC_WARN_UNUSED_VARIABLE = YES;
				IPHONEOS_DEPLOYMENT_TARGET = 16.4;
				MTL_ENABLE_DEBUG_INFO = INCLUDE_SOURCE;
				MTL_FAST_MATH = YES;
				ONLY_ACTIVE_ARCH = YES;
				SDKROOT = iphoneos;
				SWIFT_ACTIVE_COMPILATION_CONDITIONS = DEBUG;
				SWIFT_OPTIMIZATION_LEVEL = "-Onone";
			};
			name = Debug;
		};
		8C7FFA032A2F6C23009E8834 /* Release */ = {
			isa = XCBuildConfiguration;
			buildSettings = {
				ALWAYS_SEARCH_USER_PATHS = NO;
				CLANG_ANALYZER_NONNULL = YES;
				CLANG_ANALYZER_NUMBER_OBJECT_CONVERSION = YES_AGGRESSIVE;
				CLANG_CXX_LANGUAGE_STANDARD = "gnu++20";
				CLANG_ENABLE_MODULES = YES;
				CLANG_ENABLE_OBJC_ARC = YES;
				CLANG_ENABLE_OBJC_WEAK = YES;
				CLANG_WARN_BLOCK_CAPTURE_AUTORELEASING = YES;
				CLANG_WARN_BOOL_CONVERSION = YES;
				CLANG_WARN_COMMA = YES;
				CLANG_WARN_CONSTANT_CONVERSION = YES;
				CLANG_WARN_DEPRECATED_OBJC_IMPLEMENTATIONS = YES;
				CLANG_WARN_DIRECT_OBJC_ISA_USAGE = YES_ERROR;
				CLANG_WARN_DOCUMENTATION_COMMENTS = YES;
				CLANG_WARN_EMPTY_BODY = YES;
				CLANG_WARN_ENUM_CONVERSION = YES;
				CLANG_WARN_INFINITE_RECURSION = YES;
				CLANG_WARN_INT_CONVERSION = YES;
				CLANG_WARN_NON_LITERAL_NULL_CONVERSION = YES;
				CLANG_WARN_OBJC_IMPLICIT_RETAIN_SELF = YES;
				CLANG_WARN_OBJC_LITERAL_CONVERSION = YES;
				CLANG_WARN_OBJC_ROOT_CLASS = YES_ERROR;
				CLANG_WARN_QUOTED_INCLUDE_IN_FRAMEWORK_HEADER = YES;
				CLANG_WARN_RANGE_LOOP_ANALYSIS = YES;
				CLANG_WARN_STRICT_PROTOTYPES = YES;
				CLANG_WARN_SUSPICIOUS_MOVE = YES;
				CLANG_WARN_UNGUARDED_AVAILABILITY = YES_AGGRESSIVE;
				CLANG_WARN_UNREACHABLE_CODE = YES;
				CLANG_WARN__DUPLICATE_METHOD_MATCH = YES;
				COPY_PHASE_STRIP = NO;
				DEBUG_INFORMATION_FORMAT = "dwarf-with-dsym";
				ENABLE_NS_ASSERTIONS = NO;
				ENABLE_STRICT_OBJC_MSGSEND = YES;
				GCC_C_LANGUAGE_STANDARD = gnu11;
				GCC_NO_COMMON_BLOCKS = YES;
				GCC_WARN_64_TO_32_BIT_CONVERSION = YES;
				GCC_WARN_ABOUT_RETURN_TYPE = YES_ERROR;
				GCC_WARN_UNDECLARED_SELECTOR = YES;
				GCC_WARN_UNINITIALIZED_AUTOS = YES_AGGRESSIVE;
				GCC_WARN_UNUSED_FUNCTION = YES;
				GCC_WARN_UNUSED_VARIABLE = YES;
				IPHONEOS_DEPLOYMENT_TARGET = 16.4;
				MTL_ENABLE_DEBUG_INFO = NO;
				MTL_FAST_MATH = YES;
				SDKROOT = iphoneos;
				SWIFT_COMPILATION_MODE = wholemodule;
				SWIFT_OPTIMIZATION_LEVEL = "-O";
				VALIDATE_PRODUCT = YES;
			};
			name = Release;
		};
		8C7FFA052A2F6C23009E8834 /* Debug */ = {
			isa = XCBuildConfiguration;
			buildSettings = {
				ASSETCATALOG_COMPILER_APPICON_NAME = AppIcon;
				ASSETCATALOG_COMPILER_GLOBAL_ACCENT_COLOR_NAME = AccentColor;
				CODE_SIGN_STYLE = Automatic;
				CURRENT_PROJECT_VERSION = 1;
				DEVELOPMENT_ASSET_PATHS = "\"Utsav card/Preview Content\"";
				ENABLE_PREVIEWS = YES;
				GENERATE_INFOPLIST_FILE = YES;
				INFOPLIST_KEY_UIApplicationSceneManifest_Generation = YES;
				INFOPLIST_KEY_UIApplicationSupportsIndirectInputEvents = YES;
				INFOPLIST_KEY_UILaunchScreen_Generation = YES;
				INFOPLIST_KEY_UISupportedInterfaceOrientations_iPad = "UIInterfaceOrientationPortrait UIInterfaceOrientationPortraitUpsideDown UIInterfaceOrientationLandscapeLeft UIInterfaceOrientationLandscapeRight";
				INFOPLIST_KEY_UISupportedInterfaceOrientations_iPhone = "UIInterfaceOrientationPortrait UIInterfaceOrientationLandscapeLeft UIInterfaceOrientationLandscapeRight";
				LD_RUNPATH_SEARCH_PATHS = (
					"$(inherited)",
					"@executable_path/Frameworks",
				);
				MARKETING_VERSION = 1.0;
				PRODUCT_BUNDLE_IDENTIFIER = "Utsav.Utsav-card";
				PRODUCT_NAME = "$(TARGET_NAME)";
				SWIFT_EMIT_LOC_STRINGS = YES;
				SWIFT_VERSION = 5.0;
				TARGETED_DEVICE_FAMILY = "1,2";
			};
			name = Debug;
		};
		8C7FFA062A2F6C23009E8834 /* Release */ = {
			isa = XCBuildConfiguration;
			buildSettings = {
				ASSETCATALOG_COMPILER_APPICON_NAME = AppIcon;
				ASSETCATALOG_COMPILER_GLOBAL_ACCENT_COLOR_NAME = AccentColor;
				CODE_SIGN_STYLE = Automatic;
				CURRENT_PROJECT_VERSION = 1;
				DEVELOPMENT_ASSET_PATHS = "\"Utsav card/Preview Content\"";
				ENABLE_PREVIEWS = YES;
				GENERATE_INFOPLIST_FILE = YES;
				INFOPLIST_KEY_UIApplicationSceneManifest_Generation = YES;
				INFOPLIST_KEY_UIApplicationSupportsIndirectInputEvents = YES;
				INFOPLIST_KEY_UILaunchScreen_Generation = YES;
				INFOPLIST_KEY_UISupportedInterfaceOrientations_iPad = "UIInterfaceOrientationPortrait UIInterfaceOrientationPortraitUpsideDown UIInterfaceOrientationLandscapeLeft UIInterfaceOrientationLandscapeRight";
				INFOPLIST_KEY_UISupportedInterfaceOrientations_iPhone = "UIInterfaceOrientationPortrait UIInterfaceOrientationLandscapeLeft UIInterfaceOrientationLandscapeRight";
				LD_RUNPATH_SEARCH_PATHS = (
					"$(inherited)",
					"@executable_path/Frameworks",
				);
				MARKETING_VERSION = 1.0;
				PRODUCT_BUNDLE_IDENTIFIER = "Utsav.Utsav-card";
				PRODUCT_NAME = "$(TARGET_NAME)";
				SWIFT_EMIT_LOC_STRINGS = YES;
				SWIFT_VERSION = 5.0;
				TARGETED_DEVICE_FAMILY = "1,2";
			};
			name = Release;
		};
		8C7FFA082A2F6C23009E8834 /* Debug */ = {
			isa = XCBuildConfiguration;
			buildSettings = {
				ALWAYS_EMBED_SWIFT_STANDARD_LIBRARIES = YES;
				BUNDLE_LOADER = "$(TEST_HOST)";
				CODE_SIGN_STYLE = Automatic;
				CURRENT_PROJECT_VERSION = 1;
				GENERATE_INFOPLIST_FILE = YES;
				IPHONEOS_DEPLOYMENT_TARGET = 16.4;
				MARKETING_VERSION = 1.0;
				PRODUCT_BUNDLE_IDENTIFIER = "Utsav.Utsav-cardTests";
				PRODUCT_NAME = "$(TARGET_NAME)";
				SWIFT_EMIT_LOC_STRINGS = NO;
				SWIFT_VERSION = 5.0;
				TARGETED_DEVICE_FAMILY = "1,2";
				TEST_HOST = "$(BUILT_PRODUCTS_DIR)/Utsav card.app/$(BUNDLE_EXECUTABLE_FOLDER_PATH)/Utsav card";
			};
			name = Debug;
		};
		8C7FFA092A2F6C23009E8834 /* Release */ = {
			isa = XCBuildConfiguration;
			buildSettings = {
				ALWAYS_EMBED_SWIFT_STANDARD_LIBRARIES = YES;
				BUNDLE_LOADER = "$(TEST_HOST)";
				CODE_SIGN_STYLE = Automatic;
				CURRENT_PROJECT_VERSION = 1;
				GENERATE_INFOPLIST_FILE = YES;
				IPHONEOS_DEPLOYMENT_TARGET = 16.4;
				MARKETING_VERSION = 1.0;
				PRODUCT_BUNDLE_IDENTIFIER = "Utsav.Utsav-cardTests";
				PRODUCT_NAME = "$(TARGET_NAME)";
				SWIFT_EMIT_LOC_STRINGS = NO;
				SWIFT_VERSION = 5.0;
				TARGETED_DEVICE_FAMILY = "1,2";
				TEST_HOST = "$(BUILT_PRODUCTS_DIR)/Utsav card.app/$(BUNDLE_EXECUTABLE_FOLDER_PATH)/Utsav card";
			};
			name = Release;
		};
		8C7FFA0B2A2F6C23009E8834 /* Debug */ = {
			isa = XCBuildConfiguration;
			buildSettings = {
				ALWAYS_EMBED_SWIFT_STANDARD_LIBRARIES = YES;
				CODE_SIGN_STYLE = Automatic;
				CURRENT_PROJECT_VERSION = 1;
				GENERATE_INFOPLIST_FILE = YES;
				MARKETING_VERSION = 1.0;
				PRODUCT_BUNDLE_IDENTIFIER = "Utsav.Utsav-cardUITests";
				PRODUCT_NAME = "$(TARGET_NAME)";
				SWIFT_EMIT_LOC_STRINGS = NO;
				SWIFT_VERSION = 5.0;
				TARGETED_DEVICE_FAMILY = "1,2";
				TEST_TARGET_NAME = "Utsav card";
			};
			name = Debug;
		};
		8C7FFA0C2A2F6C23009E8834 /* Release */ = {
			isa = XCBuildConfiguration;
			buildSettings = {
				ALWAYS_EMBED_SWIFT_STANDARD_LIBRARIES = YES;
				CODE_SIGN_STYLE = Automatic;
				CURRENT_PROJECT_VERSION = 1;
				GENERATE_INFOPLIST_FILE = YES;
				MARKETING_VERSION = 1.0;
				PRODUCT_BUNDLE_IDENTIFIER = "Utsav.Utsav-cardUITests";
				PRODUCT_NAME = "$(TARGET_NAME)";
				SWIFT_EMIT_LOC_STRINGS = NO;
				SWIFT_VERSION = 5.0;
				TARGETED_DEVICE_FAMILY = "1,2";
				TEST_TARGET_NAME = "Utsav card";
			};
			name = Release;
		};
/* End XCBuildConfiguration section */

/* Begin XCConfigurationList section */
		8C7FF9DB2A2F6C20009E8834 /* Build configuration list for PBXProject "Utsav card" */ = {
			isa = XCConfigurationList;
			buildConfigurations = (
				8C7FFA022A2F6C23009E8834 /* Debug */,
				8C7FFA032A2F6C23009E8834 /* Release */,
			);
			defaultConfigurationIsVisible = 0;
			defaultConfigurationName = Release;
		};
		8C7FFA042A2F6C23009E8834 /* Build configuration list for PBXNativeTarget "Utsav card" */ = {
			isa = XCConfigurationList;
			buildConfigurations = (
				8C7FFA052A2F6C23009E8834 /* Debug */,
				8C7FFA062A2F6C23009E8834 /* Release */,
			);
			defaultConfigurationIsVisible = 0;
			defaultConfigurationName = Release;
		};
		8C7FFA072A2F6C23009E8834 /* Build configuration list for PBXNativeTarget "Utsav cardTests" */ = {
			isa = XCConfigurationList;
			buildConfigurations = (
				8C7FFA082A2F6C23009E8834 /* Debug */,
				8C7FFA092A2F6C23009E8834 /* Release */,
			);
			defaultConfigurationIsVisible = 0;
			defaultConfigurationName = Release;
		};
		8C7FFA0A2A2F6C23009E8834 /* Build configuration list for PBXNativeTarget "Utsav cardUITests" */ = {
			isa = XCConfigurationList;
			buildConfigurations = (
				8C7FFA0B2A2F6C23009E8834 /* Debug */,
				8C7FFA0C2A2F6C23009E8834 /* Release */,
			);
			defaultConfigurationIsVisible = 0;
			defaultConfigurationName = Release;
		};
/* End XCConfigurationList section */
	};
	rootObject = 8C7FF9D82A2F6C20009E8834 /* Project object */;
}
